schema: '2.0'
stages:
  data_ingestion:
    cmd: python src/data/data_ingestion.py
    deps:
    - path: src/data/data_ingestion.py
      hash: md5
      md5: a1c53ab8a2c7cb4dd127eaea0b90207b
      size: 6338
    params:
      params.yaml:
        dataingestion.test_size: 0.2
    outs:
    - path: data/raw
      hash: md5
      md5: 5b536ef6a1524aeae1a5acfe2ece26fe.dir
      size: 116153523
      nfiles: 2
  dataPreprocessing:
    cmd: python src/data/data_preprocessing.py
    deps:
    - path: data/raw
      hash: md5
      md5: 5b536ef6a1524aeae1a5acfe2ece26fe.dir
      size: 116153523
      nfiles: 2
    - path: src/data/data_preprocessing.py
      hash: md5
      md5: 91c1ad610bfc33e741fd4a7a42b0a011
      size: 7119
    params:
      params.yaml:
        dataPreprocessing.max_features: 10
        dataPreprocessing.min_df: 5
    outs:
    - path: data/processed
      hash: md5
      md5: 2157f68fd6d2eab124652710c34fea13.dir
      size: 163849953
      nfiles: 4
  modelbuilding:
    cmd: python src/model/model_building.py
    deps:
    - path: data/processed
      hash: md5
      md5: 2157f68fd6d2eab124652710c34fea13.dir
      size: 163849953
      nfiles: 4
    - path: data/raw
      hash: md5
      md5: 5b536ef6a1524aeae1a5acfe2ece26fe.dir
      size: 116153523
      nfiles: 2
    - path: src/model/model_building.py
      hash: md5
      md5: 70a41950a118aa8ab7e3594b515a8afc
      size: 4920
    params:
      params.yaml:
        modelbuilding.max_iter: 10
        modelbuilding.random_state: 2
    outs:
    - path: models/model.pkl
      hash: md5
      md5: 5a3cd86ec18c73d614e18a6aa89ac1df
      size: 793
  modelevaluation:
    cmd: python src/model/model_evaluation.py
    deps:
    - path: models/model.pkl
      hash: md5
      md5: 5a3cd86ec18c73d614e18a6aa89ac1df
      size: 793
    - path: src/model/model_evaluation.py
      hash: md5
      md5: fa2b1f3282984ea03f8abf3f17750d99
      size: 7900
    outs:
    - path: metrics/eval_metrics.json
      hash: md5
      md5: 2cab0a62941fba95af9a368c6241999b
      size: 229
  model_registration:
    cmd: python src/model/register_model.py
    deps:
    - path: reports/model_evaluation_info.json
      hash: md5
      md5: 6e1e7811ebc8f307c9d3397a5e71905f
      size: 82
    - path: src/model/register_model.py
      hash: md5
      md5: aeb3e49333d94e3e401c6802ceecabe5
      size: 3032
